
Microsoft Visual Studio Solution File, Format Version 12.00
# Visual Studio Version 17
VisualStudioVersion = 17.5.002.0
MinimumVisualStudioVersion = 10.0.40219.1
Project("{2150E333-8FDC-42A3-9474-1A3956D46DE8}") = "src", "src", "{269B7181-D503-4E3C-9046-A226D6492437}"
EndProject
Project("{FAE04EC0-301F-11D3-BF4B-00C04F79EFBC}") = "ComplexIT.SecuritySQL", "src\ComplexIT.SecuritySQL\ComplexIT.SecuritySQL.csproj", "{90840107-88CD-4AA5-B3C9-EC44C167BA0D}"
EndProject
Project("{FAE04EC0-301F-11D3-BF4B-00C04F79EFBC}") = "ComplexIT.SecurityPassword", "src\ComplexIT.SecurityPassword\ComplexIT.SecurityPassword.csproj", "{4E4EE2C7-C941-47BF-ADD9-E2A048488CEA}"
EndProject
Global
	GlobalSection(SolutionConfigurationPlatforms) = preSolution
		Debug|Any CPU = Debug|Any CPU
		Release|Any CPU = Release|Any CPU
	EndGlobalSection
	GlobalSection(ProjectConfigurationPlatforms) = postSolution
		{90840107-88CD-4AA5-B3C9-EC44C167BA0D}.Debug|Any CPU.ActiveCfg = Debug|Any CPU
		{90840107-88CD-4AA5-B3C9-EC44C167BA0D}.Debug|Any CPU.Build.0 = Debug|Any CPU
		{90840107-88CD-4AA5-B3C9-EC44C167BA0D}.Release|Any CPU.ActiveCfg = Release|Any CPU
		{90840107-88CD-4AA5-B3C9-EC44C167BA0D}.Release|Any CPU.Build.0 = Release|Any CPU
		{4E4EE2C7-C941-47BF-ADD9-E2A048488CEA}.Debug|Any CPU.ActiveCfg = Debug|Any CPU
		{4E4EE2C7-C941-47BF-ADD9-E2A048488CEA}.Debug|Any CPU.Build.0 = Debug|Any CPU
		{4E4EE2C7-C941-47BF-ADD9-E2A048488CEA}.Release|Any CPU.ActiveCfg = Release|Any CPU
		{4E4EE2C7-C941-47BF-ADD9-E2A048488CEA}.Release|Any CPU.Build.0 = Release|Any CPU
	EndGlobalSection
	GlobalSection(SolutionProperties) = preSolution
		HideSolutionNode = FALSE
	EndGlobalSection
	GlobalSection(ExtensibilityGlobals) = postSolution
		SolutionGuid = {6F02110F-A7A4-4431-B4E3-641D7382C5C9}
	EndGlobalSection
	GlobalSection(NestedProjects) = preSolution
		{90840107-88CD-4AA5-B3C9-EC44C167BA0D} = {269B7181-D503-4E3C-9046-A226D6492437}
		{4E4EE2C7-C941-47BF-ADD9-E2A048488CEA} = {269B7181-D503-4E3C-9046-A226D6492437}
	EndGlobalSection
EndGlobal
