
Microsoft Visual Studio Solution File, Format Version 12.00
# Visual Studio Version 17
VisualStudioVersion = 17.5.002.0
MinimumVisualStudioVersion = 10.0.40219.1
Project("{2150E333-8FDC-42A3-9474-1A3956D46DE8}") = "src", "src", "{BC0059C2-6210-498B-81BF-C13890D34A58}"
EndProject
Project("{9A19103F-16F7-4668-BE54-9A1E7A4F7556}") = "ComplexIT.SecurityPassword", "src\ComplexIT.SecurityPassword\ComplexIT.SecurityPassword.csproj", "{88FEF06B-3EB9-4C99-92E1-3D37A18628F2}"
EndProject
Project("{9A19103F-16F7-4668-BE54-9A1E7A4F7556}") = "ComplexIT.SecuritySQL", "src\ComplexIT.SecuritySQL\ComplexIT.SecuritySQL.csproj", "{0FD86796-3016-4F49-8C28-DA2B45CBD89B}"
EndProject
Global
	GlobalSection(SolutionConfigurationPlatforms) = preSolution
		Debug|Any CPU = Debug|Any CPU
		Release|Any CPU = Release|Any CPU
	EndGlobalSection
	GlobalSection(ProjectConfigurationPlatforms) = postSolution
		{88FEF06B-3EB9-4C99-92E1-3D37A18628F2}.Debug|Any CPU.ActiveCfg = Debug|Any CPU
		{88FEF06B-3EB9-4C99-92E1-3D37A18628F2}.Debug|Any CPU.Build.0 = Debug|Any CPU
		{88FEF06B-3EB9-4C99-92E1-3D37A18628F2}.Release|Any CPU.ActiveCfg = Release|Any CPU
		{88FEF06B-3EB9-4C99-92E1-3D37A18628F2}.Release|Any CPU.Build.0 = Release|Any CPU
		{0FD86796-3016-4F49-8C28-DA2B45CBD89B}.Debug|Any CPU.ActiveCfg = Debug|Any CPU
		{0FD86796-3016-4F49-8C28-DA2B45CBD89B}.Debug|Any CPU.Build.0 = Debug|Any CPU
		{0FD86796-3016-4F49-8C28-DA2B45CBD89B}.Release|Any CPU.ActiveCfg = Release|Any CPU
		{0FD86796-3016-4F49-8C28-DA2B45CBD89B}.Release|Any CPU.Build.0 = Release|Any CPU
	EndGlobalSection
	GlobalSection(SolutionProperties) = preSolution
		HideSolutionNode = FALSE
	EndGlobalSection
	GlobalSection(NestedProjects) = preSolution
		{88FEF06B-3EB9-4C99-92E1-3D37A18628F2} = {BC0059C2-6210-498B-81BF-C13890D34A58}
		{0FD86796-3016-4F49-8C28-DA2B45CBD89B} = {BC0059C2-6210-498B-81BF-C13890D34A58}
	EndGlobalSection
	GlobalSection(ExtensibilityGlobals) = postSolution
		SolutionGuid = {0696323F-BEDC-40F5-8805-6CCC04D70D76}
	EndGlobalSection
EndGlobal
